
Microsoft Visual Studio Solution File, Format Version 12.00
# Visual Studio Version 17
VisualStudioVersion = 17.5.33627.172
MinimumVisualStudioVersion = 10.0.40219.1
Project("{FAE04EC0-301F-11D3-BF4B-00C04F79EFBC}") = "Assignment2", "Assignment2.csproj", "{D5B0C2B4-F0BA-4F9C-BB28-B593302D4C0C}"
EndProject
Project("{FAE04EC0-301F-11D3-BF4B-00C04F79EFBC}") = "MVCApp", "..\MVCApp\MVCApp.csproj", "{3D127694-E9C7-4E16-B4E2-36719D66CF63}"
EndProject
Global
	GlobalSection(SolutionConfigurationPlatforms) = preSolution
		Debug|Any CPU = Debug|Any CPU
		Release|Any CPU = Release|Any CPU
	EndGlobalSection
	GlobalSection(ProjectConfigurationPlatforms) = postSolution
		{D5B0C2B4-F0BA-4F9C-BB28-B593302D4C0C}.Debug|Any CPU.ActiveCfg = Debug|Any CPU
		{D5B0C2B4-F0BA-4F9C-BB28-B593302D4C0C}.Debug|Any CPU.Build.0 = Debug|Any CPU
		{D5B0C2B4-F0BA-4F9C-BB28-B593302D4C0C}.Release|Any CPU.ActiveCfg = Release|Any CPU
		{D5B0C2B4-F0BA-4F9C-BB28-B593302D4C0C}.Release|Any CPU.Build.0 = Release|Any CPU
		{3D127694-E9C7-4E16-B4E2-36719D66CF63}.Debug|Any CPU.ActiveCfg = Debug|Any CPU
		{3D127694-E9C7-4E16-B4E2-36719D66CF63}.Debug|Any CPU.Build.0 = Debug|Any CPU
		{3D127694-E9C7-4E16-B4E2-36719D66CF63}.Release|Any CPU.ActiveCfg = Release|Any CPU
		{3D127694-E9C7-4E16-B4E2-36719D66CF63}.Release|Any CPU.Build.0 = Release|Any CPU
	EndGlobalSection
	GlobalSection(SolutionProperties) = preSolution
		HideSolutionNode = FALSE
	EndGlobalSection
	GlobalSection(ExtensibilityGlobals) = postSolution
		SolutionGuid = {A144514F-F0E7-4C55-8194-F66EB31EC7A0}
	EndGlobalSection
EndGlobal
